
Microsoft Visual Studio Solution File, Format Version 12.00
# Visual Studio Version 17
VisualStudioVersion = 17.10.35122.118
MinimumVisualStudioVersion = 10.0.40219.1
Project("{E53339B2-1760-4266-BCC7-CA923CBCF16C}") = "docker-compose", "docker-compose.dcproj", "{6F167688-5496-49F3-A1E5-0D16F78E66E3}"
EndProject
Project("{9A19103F-16F7-4668-BE54-9A1E7A4F7556}") = "Delopro.Server", "Delopro.Server\Delopro.Server.csproj", "{5988E1F4-8809-4551-9998-6B1453A9C22C}"
EndProject
Project("{9A19103F-16F7-4668-BE54-9A1E7A4F7556}") = "Delopro.Bll", "Delopro.Bll\Delopro.Bll.csproj", "{1AA1EF5B-09EE-480B-A964-766FB8165146}"
EndProject
Project("{9A19103F-16F7-4668-BE54-9A1E7A4F7556}") = "Delopro.Data", "Delopro.Data\Delopro.Data.csproj", "{F971BAD5-0F39-45AB-B51E-EE10FA80FEB8}"
EndProject
Project("{54A90642-561A-4BB1-A94E-469ADEE60C69}") = "delopro.client", "delopro.client\delopro.client.esproj", "{24B2D38B-3781-46C7-B946-EB3F8B303154}"
EndProject
Global
	GlobalSection(SolutionConfigurationPlatforms) = preSolution
		Debug|Any CPU = Debug|Any CPU
		Release|Any CPU = Release|Any CPU
	EndGlobalSection
	GlobalSection(ProjectConfigurationPlatforms) = postSolution
		{6F167688-5496-49F3-A1E5-0D16F78E66E3}.Debug|Any CPU.ActiveCfg = Debug|Any CPU
		{6F167688-5496-49F3-A1E5-0D16F78E66E3}.Debug|Any CPU.Build.0 = Debug|Any CPU
		{6F167688-5496-49F3-A1E5-0D16F78E66E3}.Release|Any CPU.ActiveCfg = Release|Any CPU
		{6F167688-5496-49F3-A1E5-0D16F78E66E3}.Release|Any CPU.Build.0 = Release|Any CPU
		{5988E1F4-8809-4551-9998-6B1453A9C22C}.Debug|Any CPU.ActiveCfg = Debug|Any CPU
		{5988E1F4-8809-4551-9998-6B1453A9C22C}.Debug|Any CPU.Build.0 = Debug|Any CPU
		{5988E1F4-8809-4551-9998-6B1453A9C22C}.Release|Any CPU.ActiveCfg = Release|Any CPU
		{5988E1F4-8809-4551-9998-6B1453A9C22C}.Release|Any CPU.Build.0 = Release|Any CPU
		{1AA1EF5B-09EE-480B-A964-766FB8165146}.Debug|Any CPU.ActiveCfg = Debug|Any CPU
		{1AA1EF5B-09EE-480B-A964-766FB8165146}.Debug|Any CPU.Build.0 = Debug|Any CPU
		{1AA1EF5B-09EE-480B-A964-766FB8165146}.Release|Any CPU.ActiveCfg = Release|Any CPU
		{1AA1EF5B-09EE-480B-A964-766FB8165146}.Release|Any CPU.Build.0 = Release|Any CPU
		{F971BAD5-0F39-45AB-B51E-EE10FA80FEB8}.Debug|Any CPU.ActiveCfg = Debug|Any CPU
		{F971BAD5-0F39-45AB-B51E-EE10FA80FEB8}.Debug|Any CPU.Build.0 = Debug|Any CPU
		{F971BAD5-0F39-45AB-B51E-EE10FA80FEB8}.Release|Any CPU.ActiveCfg = Release|Any CPU
		{F971BAD5-0F39-45AB-B51E-EE10FA80FEB8}.Release|Any CPU.Build.0 = Release|Any CPU
		{24B2D38B-3781-46C7-B946-EB3F8B303154}.Debug|Any CPU.ActiveCfg = Debug|Any CPU
		{24B2D38B-3781-46C7-B946-EB3F8B303154}.Debug|Any CPU.Build.0 = Debug|Any CPU
		{24B2D38B-3781-46C7-B946-EB3F8B303154}.Debug|Any CPU.Deploy.0 = Debug|Any CPU
		{24B2D38B-3781-46C7-B946-EB3F8B303154}.Release|Any CPU.ActiveCfg = Release|Any CPU
		{24B2D38B-3781-46C7-B946-EB3F8B303154}.Release|Any CPU.Build.0 = Release|Any CPU
		{24B2D38B-3781-46C7-B946-EB3F8B303154}.Release|Any CPU.Deploy.0 = Release|Any CPU
	EndGlobalSection
	GlobalSection(SolutionProperties) = preSolution
		HideSolutionNode = FALSE
	EndGlobalSection
	GlobalSection(ExtensibilityGlobals) = postSolution
		SolutionGuid = {1629DFD0-6700-4E83-9104-C10D41E6EF7D}
	EndGlobalSection
EndGlobal
